
Microsoft Visual Studio Solution File, Format Version 12.00
# Visual Studio Version 17
VisualStudioVersion = 17.8.34525.116
MinimumVisualStudioVersion = 10.0.40219.1
Project("{FAE04EC0-301F-11D3-BF4B-00C04F79EFBC}") = "The Replicator of D’To", "The Replicator of D’To\The Replicator of D’To.csproj", "{DBF769D3-A73F-40A4-9BF1-D83D87B79BE2}"
EndProject
Global
	GlobalSection(SolutionConfigurationPlatforms) = preSolution
		Debug|Any CPU = Debug|Any CPU
		Release|Any CPU = Release|Any CPU
	EndGlobalSection
	GlobalSection(ProjectConfigurationPlatforms) = postSolution
		{DBF769D3-A73F-40A4-9BF1-D83D87B79BE2}.Debug|Any CPU.ActiveCfg = Debug|Any CPU
		{DBF769D3-A73F-40A4-9BF1-D83D87B79BE2}.Debug|Any CPU.Build.0 = Debug|Any CPU
		{DBF769D3-A73F-40A4-9BF1-D83D87B79BE2}.Release|Any CPU.ActiveCfg = Release|Any CPU
		{DBF769D3-A73F-40A4-9BF1-D83D87B79BE2}.Release|Any CPU.Build.0 = Release|Any CPU
	EndGlobalSection
	GlobalSection(SolutionProperties) = preSolution
		HideSolutionNode = FALSE
	EndGlobalSection
	GlobalSection(ExtensibilityGlobals) = postSolution
		SolutionGuid = {66631679-100C-4D90-BDE4-B083B12944DC}
	EndGlobalSection
EndGlobal
