
Microsoft Visual Studio Solution File, Format Version 12.00
# Visual Studio Version 17
VisualStudioVersion = 17.8.34511.84
MinimumVisualStudioVersion = 10.0.40219.1
Project("{FAE04EC0-301F-11D3-BF4B-00C04F79EFBC}") = "Watchtower", "Watchtower\Watchtower.csproj", "{EC46A855-E0FA-4294-BDDA-D03BA3B8AB7B}"
EndProject
Global
	GlobalSection(SolutionConfigurationPlatforms) = preSolution
		Debug|Any CPU = Debug|Any CPU
		Release|Any CPU = Release|Any CPU
	EndGlobalSection
	GlobalSection(ProjectConfigurationPlatforms) = postSolution
		{EC46A855-E0FA-4294-BDDA-D03BA3B8AB7B}.Debug|Any CPU.ActiveCfg = Debug|Any CPU
		{EC46A855-E0FA-4294-BDDA-D03BA3B8AB7B}.Debug|Any CPU.Build.0 = Debug|Any CPU
		{EC46A855-E0FA-4294-BDDA-D03BA3B8AB7B}.Release|Any CPU.ActiveCfg = Release|Any CPU
		{EC46A855-E0FA-4294-BDDA-D03BA3B8AB7B}.Release|Any CPU.Build.0 = Release|Any CPU
	EndGlobalSection
	GlobalSection(SolutionProperties) = preSolution
		HideSolutionNode = FALSE
	EndGlobalSection
	GlobalSection(ExtensibilityGlobals) = postSolution
		SolutionGuid = {E7A82141-CB92-46F5-BDBA-258B87FA1E4D}
	EndGlobalSection
EndGlobal
