
Microsoft Visual Studio Solution File, Format Version 12.00
# Visual Studio Version 17
VisualStudioVersion = 17.8.34525.116
MinimumVisualStudioVersion = 10.0.40219.1
Project("{FAE04EC0-301F-11D3-BF4B-00C04F79EFBC}") = "the_laws_of_freach", "the_laws_of_freach\the_laws_of_freach.csproj", "{2CED07AA-38E3-4EC9-8EEF-09E5715D51F5}"
EndProject
Global
	GlobalSection(SolutionConfigurationPlatforms) = preSolution
		Debug|Any CPU = Debug|Any CPU
		Release|Any CPU = Release|Any CPU
	EndGlobalSection
	GlobalSection(ProjectConfigurationPlatforms) = postSolution
		{2CED07AA-38E3-4EC9-8EEF-09E5715D51F5}.Debug|Any CPU.ActiveCfg = Debug|Any CPU
		{2CED07AA-38E3-4EC9-8EEF-09E5715D51F5}.Debug|Any CPU.Build.0 = Debug|Any CPU
		{2CED07AA-38E3-4EC9-8EEF-09E5715D51F5}.Release|Any CPU.ActiveCfg = Release|Any CPU
		{2CED07AA-38E3-4EC9-8EEF-09E5715D51F5}.Release|Any CPU.Build.0 = Release|Any CPU
	EndGlobalSection
	GlobalSection(SolutionProperties) = preSolution
		HideSolutionNode = FALSE
	EndGlobalSection
	GlobalSection(ExtensibilityGlobals) = postSolution
		SolutionGuid = {5129E068-5A40-414D-8F89-69D6BC80B5FA}
	EndGlobalSection
EndGlobal
